
Microsoft Visual Studio Solution File, Format Version 12.00
# Visual Studio Version 16
VisualStudioVersion = 16.0.30413.136
MinimumVisualStudioVersion = 10.0.40219.1
Project("{FAE04EC0-301F-11D3-BF4B-00C04F79EFBC}") = "09Game.Test", "09Game.Test\09Game.Test.csproj", "{66A5AA45-29C4-403A-B1AB-6E49A0FD7DF7}"
EndProject
Project("{FAE04EC0-301F-11D3-BF4B-00C04F79EFBC}") = "UserService", "UserService\UserService.csproj", "{CECC466E-4222-4E89-9952-FD7FD30E83AA}"
EndProject
Project("{FAE04EC0-301F-11D3-BF4B-00C04F79EFBC}") = "09Game.UserService", "09Game.UserService\09Game.UserService.csproj", "{D7AABEAF-1104-4ED3-ADD6-27AEFCE6B365}"
EndProject
Global
	GlobalSection(SolutionConfigurationPlatforms) = preSolution
		Debug|Any CPU = Debug|Any CPU
		Release|Any CPU = Release|Any CPU
	EndGlobalSection
	GlobalSection(ProjectConfigurationPlatforms) = postSolution
		{66A5AA45-29C4-403A-B1AB-6E49A0FD7DF7}.Debug|Any CPU.ActiveCfg = Debug|Any CPU
		{66A5AA45-29C4-403A-B1AB-6E49A0FD7DF7}.Debug|Any CPU.Build.0 = Debug|Any CPU
		{66A5AA45-29C4-403A-B1AB-6E49A0FD7DF7}.Release|Any CPU.ActiveCfg = Release|Any CPU
		{66A5AA45-29C4-403A-B1AB-6E49A0FD7DF7}.Release|Any CPU.Build.0 = Release|Any CPU
		{CECC466E-4222-4E89-9952-FD7FD30E83AA}.Debug|Any CPU.ActiveCfg = Debug|Any CPU
		{CECC466E-4222-4E89-9952-FD7FD30E83AA}.Debug|Any CPU.Build.0 = Debug|Any CPU
		{CECC466E-4222-4E89-9952-FD7FD30E83AA}.Release|Any CPU.ActiveCfg = Release|Any CPU
		{CECC466E-4222-4E89-9952-FD7FD30E83AA}.Release|Any CPU.Build.0 = Release|Any CPU
		{D7AABEAF-1104-4ED3-ADD6-27AEFCE6B365}.Debug|Any CPU.ActiveCfg = Debug|Any CPU
		{D7AABEAF-1104-4ED3-ADD6-27AEFCE6B365}.Debug|Any CPU.Build.0 = Debug|Any CPU
		{D7AABEAF-1104-4ED3-ADD6-27AEFCE6B365}.Release|Any CPU.ActiveCfg = Release|Any CPU
		{D7AABEAF-1104-4ED3-ADD6-27AEFCE6B365}.Release|Any CPU.Build.0 = Release|Any CPU
	EndGlobalSection
	GlobalSection(SolutionProperties) = preSolution
		HideSolutionNode = FALSE
	EndGlobalSection
	GlobalSection(ExtensibilityGlobals) = postSolution
		SolutionGuid = {E2D0B4B5-DF35-4DB6-B38F-0F352BEC2C42}
	EndGlobalSection
EndGlobal
